// !$*UTF8*$!
{
	archiveVersion = 1;
	classes = {
	};
	objectVersion = 55;
	objects = {

/* Begin PBXBuildFile section */
		F042C3C728B4F5B50056D722 /* OnboardingView.swift in Sources */ = {isa = PBXBuildFile; fileRef = F042C3C628B4F5B50056D722 /* OnboardingView.swift */; };
		F0473C3E28C9A26300C81821 /* SplashView.swift in Sources */ = {isa = PBXBuildFile; fileRef = F0473C3D28C9A26300C81821 /* SplashView.swift */; };
		F047891028AE4F8400D18748 /* ResizeablePicker.swift in Sources */ = {isa = PBXBuildFile; fileRef = F047890F28AE4F8400D18748 /* ResizeablePicker.swift */; };
		F047891228AE736C00D18748 /* SettingButton.swift in Sources */ = {isa = PBXBuildFile; fileRef = F047891128AE736C00D18748 /* SettingButton.swift */; };
		F04EBDBF288E99C60097E42F /* weightApp.swift in Sources */ = {isa = PBXBuildFile; fileRef = F04EBDBE288E99C60097E42F /* weightApp.swift */; };
		F04EBDC1288E99C60097E42F /* ContentView.swift in Sources */ = {isa = PBXBuildFile; fileRef = F04EBDC0288E99C60097E42F /* ContentView.swift */; };
		F04EBDC3288E99C70097E42F /* Assets.xcassets in Resources */ = {isa = PBXBuildFile; fileRef = F04EBDC2288E99C70097E42F /* Assets.xcassets */; };
		F04EBDC6288E99C70097E42F /* Preview Assets.xcassets in Resources */ = {isa = PBXBuildFile; fileRef = F04EBDC5288E99C70097E42F /* Preview Assets.xcassets */; };
		F04EBDCE288E9DFC0097E42F /* HomeView.swift in Sources */ = {isa = PBXBuildFile; fileRef = F04EBDCD288E9DFC0097E42F /* HomeView.swift */; };
		F04EBDD0288E9E030097E42F /* HistoryView.swift in Sources */ = {isa = PBXBuildFile; fileRef = F04EBDCF288E9E030097E42F /* HistoryView.swift */; };
		F04EBDD2288E9E0E0097E42F /* SettingsView.swift in Sources */ = {isa = PBXBuildFile; fileRef = F04EBDD1288E9E0E0097E42F /* SettingsView.swift */; };
		F06C807028BD1F3D00F8DF51 /* HistoryModel.swift in Sources */ = {isa = PBXBuildFile; fileRef = F06C806F28BD1F3D00F8DF51 /* HistoryModel.swift */; };
		F06F615428AD1288009F77D4 /* AdaptiveColor.swift in Sources */ = {isa = PBXBuildFile; fileRef = F06F615328AD1288009F77D4 /* AdaptiveColor.swift */; };
		F06F615628AD215A009F77D4 /* Utility.swift in Sources */ = {isa = PBXBuildFile; fileRef = F06F615528AD215A009F77D4 /* Utility.swift */; };
		F07FB2E828AE199E007F809C /* HalfASheet in Frameworks */ = {isa = PBXBuildFile; productRef = F07FB2E728AE199E007F809C /* HalfASheet */; };
		F0CE8E4228B6140900FB0634 /* WeightDataController.swift in Sources */ = {isa = PBXBuildFile; fileRef = F0CE8E4128B6140900FB0634 /* WeightDataController.swift */; };
		F0D046E628B21760008D0C41 /* SwiftUICharts in Frameworks */ = {isa = PBXBuildFile; productRef = F0D046E528B21760008D0C41 /* SwiftUICharts */; };
		F0E44AAD28AEA177005F8E93 /* WeightDataModel.xcdatamodeld in Sources */ = {isa = PBXBuildFile; fileRef = F0E44AAB28AEA177005F8E93 /* WeightDataModel.xcdatamodeld */; };
		F0F3E96428BCC72500706149 /* HistoryCard.swift in Sources */ = {isa = PBXBuildFile; fileRef = F0F3E96328BCC72500706149 /* HistoryCard.swift */; };
/* End PBXBuildFile section */

/* Begin PBXFileReference section */
		F042C3C628B4F5B50056D722 /* OnboardingView.swift */ = {isa = PBXFileReference; lastKnownFileType = sourcecode.swift; path = OnboardingView.swift; sourceTree = "<group>"; };
		F0473C3D28C9A26300C81821 /* SplashView.swift */ = {isa = PBXFileReference; lastKnownFileType = sourcecode.swift; path = SplashView.swift; sourceTree = "<group>"; };
		F047890F28AE4F8400D18748 /* ResizeablePicker.swift */ = {isa = PBXFileReference; lastKnownFileType = sourcecode.swift; path = ResizeablePicker.swift; sourceTree = "<group>"; };
		F047891128AE736C00D18748 /* SettingButton.swift */ = {isa = PBXFileReference; lastKnownFileType = sourcecode.swift; path = SettingButton.swift; sourceTree = "<group>"; };
		F04EBDBB288E99C60097E42F /* Weight Tracker.app */ = {isa = PBXFileReference; explicitFileType = wrapper.application; includeInIndex = 0; path = "Weight Tracker.app"; sourceTree = BUILT_PRODUCTS_DIR; };
		F04EBDBE288E99C60097E42F /* weightApp.swift */ = {isa = PBXFileReference; lastKnownFileType = sourcecode.swift; path = weightApp.swift; sourceTree = "<group>"; };
		F04EBDC0288E99C60097E42F /* ContentView.swift */ = {isa = PBXFileReference; lastKnownFileType = sourcecode.swift; path = ContentView.swift; sourceTree = "<group>"; };
		F04EBDC2288E99C70097E42F /* Assets.xcassets */ = {isa = PBXFileReference; lastKnownFileType = folder.assetcatalog; path = Assets.xcassets; sourceTree = "<group>"; };
		F04EBDC5288E99C70097E42F /* Preview Assets.xcassets */ = {isa = PBXFileReference; lastKnownFileType = folder.assetcatalog; path = "Preview Assets.xcassets"; sourceTree = "<group>"; };
		F04EBDCD288E9DFC0097E42F /* HomeView.swift */ = {isa = PBXFileReference; lastKnownFileType = sourcecode.swift; path = HomeView.swift; sourceTree = "<group>"; };
		F04EBDCF288E9E030097E42F /* HistoryView.swift */ = {isa = PBXFileReference; lastKnownFileType = sourcecode.swift; path = HistoryView.swift; sourceTree = "<group>"; };
		F04EBDD1288E9E0E0097E42F /* SettingsView.swift */ = {isa = PBXFileReference; lastKnownFileType = sourcecode.swift; path = SettingsView.swift; sourceTree = "<group>"; };
		F06C806F28BD1F3D00F8DF51 /* HistoryModel.swift */ = {isa = PBXFileReference; lastKnownFileType = sourcecode.swift; path = HistoryModel.swift; sourceTree = "<group>"; };
		F06F615328AD1288009F77D4 /* AdaptiveColor.swift */ = {isa = PBXFileReference; lastKnownFileType = sourcecode.swift; path = AdaptiveColor.swift; sourceTree = "<group>"; };
		F06F615528AD215A009F77D4 /* Utility.swift */ = {isa = PBXFileReference; lastKnownFileType = sourcecode.swift; path = Utility.swift; sourceTree = "<group>"; };
		F0CE8E4128B6140900FB0634 /* WeightDataController.swift */ = {isa = PBXFileReference; fileEncoding = 4; lastKnownFileType = sourcecode.swift; path = WeightDataController.swift; sourceTree = "<group>"; };
		F0E44AAC28AEA177005F8E93 /* WeightDataModel.xcdatamodel */ = {isa = PBXFileReference; lastKnownFileType = wrapper.xcdatamodel; path = WeightDataModel.xcdatamodel; sourceTree = "<group>"; };
		F0F3E96328BCC72500706149 /* HistoryCard.swift */ = {isa = PBXFileReference; lastKnownFileType = sourcecode.swift; path = HistoryCard.swift; sourceTree = "<group>"; };
/* End PBXFileReference section */

/* Begin PBXFrameworksBuildPhase section */
		F04EBDB8288E99C60097E42F /* Frameworks */ = {
			isa = PBXFrameworksBuildPhase;
			buildActionMask = 2147483647;
			files = (
				F07FB2E828AE199E007F809C /* HalfASheet in Frameworks */,
				F0D046E628B21760008D0C41 /* SwiftUICharts in Frameworks */,
			);
			runOnlyForDeploymentPostprocessing = 0;
		};
/* End PBXFrameworksBuildPhase section */

/* Begin PBXGroup section */
		F047890E28AE4F7100D18748 /* Component */ = {
			isa = PBXGroup;
			children = (
				F047890F28AE4F8400D18748 /* ResizeablePicker.swift */,
				F047891128AE736C00D18748 /* SettingButton.swift */,
				F0F3E96328BCC72500706149 /* HistoryCard.swift */,
			);
			path = Component;
			sourceTree = "<group>";
		};
		F04EBDB2288E99C60097E42F = {
			isa = PBXGroup;
			children = (
				F04EBDBD288E99C60097E42F /* weight */,
				F04EBDBC288E99C60097E42F /* Products */,
				F0DA6ECA28BB8334006FDBD0 /* Frameworks */,
			);
			sourceTree = "<group>";
		};
		F04EBDBC288E99C60097E42F /* Products */ = {
			isa = PBXGroup;
			children = (
				F04EBDBB288E99C60097E42F /* Weight Tracker.app */,
			);
			name = Products;
			sourceTree = "<group>";
		};
		F04EBDBD288E99C60097E42F /* weight */ = {
			isa = PBXGroup;
			children = (
				F0E44AAA28AEA14E005F8E93 /* DataModel */,
				F047890E28AE4F7100D18748 /* Component */,
				F06F615228AD127E009F77D4 /* Utility */,
				F04EBDCC288E9A060097E42F /* View */,
				F04EBDBE288E99C60097E42F /* weightApp.swift */,
				F04EBDC2288E99C70097E42F /* Assets.xcassets */,
				F0E44AAB28AEA177005F8E93 /* WeightDataModel.xcdatamodeld */,
				F04EBDC4288E99C70097E42F /* Preview Content */,
			);
			path = weight;
			sourceTree = "<group>";
		};
		F04EBDC4288E99C70097E42F /* Preview Content */ = {
			isa = PBXGroup;
			children = (
				F04EBDC5288E99C70097E42F /* Preview Assets.xcassets */,
			);
			path = "Preview Content";
			sourceTree = "<group>";
		};
		F04EBDCC288E9A060097E42F /* View */ = {
			isa = PBXGroup;
			children = (
				F042C3C628B4F5B50056D722 /* OnboardingView.swift */,
				F04EBDC0288E99C60097E42F /* ContentView.swift */,
				F04EBDCD288E9DFC0097E42F /* HomeView.swift */,
				F04EBDCF288E9E030097E42F /* HistoryView.swift */,
				F04EBDD1288E9E0E0097E42F /* SettingsView.swift */,
				F0473C3D28C9A26300C81821 /* SplashView.swift */,
			);
			path = View;
			sourceTree = "<group>";
		};
		F06F615228AD127E009F77D4 /* Utility */ = {
			isa = PBXGroup;
			children = (
				F06F615328AD1288009F77D4 /* AdaptiveColor.swift */,
				F06F615528AD215A009F77D4 /* Utility.swift */,
			);
			path = Utility;
			sourceTree = "<group>";
		};
		F0DA6ECA28BB8334006FDBD0 /* Frameworks */ = {
			isa = PBXGroup;
			children = (
			);
			name = Frameworks;
			sourceTree = "<group>";
		};
		F0E44AAA28AEA14E005F8E93 /* DataModel */ = {
			isa = PBXGroup;
			children = (
				F0CE8E4128B6140900FB0634 /* WeightDataController.swift */,
				F06C806F28BD1F3D00F8DF51 /* HistoryModel.swift */,
			);
			path = DataModel;
			sourceTree = "<group>";
		};
/* End PBXGroup section */

/* Begin PBXNativeTarget section */
		F04EBDBA288E99C60097E42F /* weight */ = {
			isa = PBXNativeTarget;
			buildConfigurationList = F04EBDC9288E99C70097E42F /* Build configuration list for PBXNativeTarget "weight" */;
			buildPhases = (
				F04EBDB7288E99C60097E42F /* Sources */,
				F04EBDB8288E99C60097E42F /* Frameworks */,
				F04EBDB9288E99C60097E42F /* Resources */,
			);
			buildRules = (
			);
			dependencies = (
			);
			name = weight;
			packageProductDependencies = (
				F07FB2E728AE199E007F809C /* HalfASheet */,
				F0D046E528B21760008D0C41 /* SwiftUICharts */,
			);
			productName = weight;
			productReference = F04EBDBB288E99C60097E42F /* Weight Tracker.app */;
			productType = "com.apple.product-type.application";
		};
/* End PBXNativeTarget section */

/* Begin PBXProject section */
		F04EBDB3288E99C60097E42F /* Project object */ = {
			isa = PBXProject;
			attributes = {
				BuildIndependentTargetsInParallel = 1;
				LastSwiftUpdateCheck = 1320;
				LastUpgradeCheck = 1320;
				TargetAttributes = {
					F04EBDBA288E99C60097E42F = {
						CreatedOnToolsVersion = 13.2.1;
					};
				};
			};
			buildConfigurationList = F04EBDB6288E99C60097E42F /* Build configuration list for PBXProject "weight" */;
			compatibilityVersion = "Xcode 13.0";
			developmentRegion = en;
			hasScannedForEncodings = 0;
			knownRegions = (
				en,
				Base,
			);
			mainGroup = F04EBDB2288E99C60097E42F;
			packageReferences = (
				F07FB2E628AE199E007F809C /* XCRemoteSwiftPackageReference "HalfASheet" */,
				F0D046E428B21760008D0C41 /* XCRemoteSwiftPackageReference "SwiftUICharts" */,
			);
			productRefGroup = F04EBDBC288E99C60097E42F /* Products */;
			projectDirPath = "";
			projectRoot = "";
			targets = (
				F04EBDBA288E99C60097E42F /* weight */,
			);
		};
/* End PBXProject section */

/* Begin PBXResourcesBuildPhase section */
		F04EBDB9288E99C60097E42F /* Resources */ = {
			isa = PBXResourcesBuildPhase;
			buildActionMask = 2147483647;
			files = (
				F04EBDC6288E99C70097E42F /* Preview Assets.xcassets in Resources */,
				F04EBDC3288E99C70097E42F /* Assets.xcassets in Resources */,
			);
			runOnlyForDeploymentPostprocessing = 0;
		};
/* End PBXResourcesBuildPhase section */

/* Begin PBXSourcesBuildPhase section */
		F04EBDB7288E99C60097E42F /* Sources */ = {
			isa = PBXSourcesBuildPhase;
			buildActionMask = 2147483647;
			files = (
				F04EBDD2288E9E0E0097E42F /* SettingsView.swift in Sources */,
				F04EBDCE288E9DFC0097E42F /* HomeView.swift in Sources */,
				F0473C3E28C9A26300C81821 /* SplashView.swift in Sources */,
				F06F615628AD215A009F77D4 /* Utility.swift in Sources */,
				F0F3E96428BCC72500706149 /* HistoryCard.swift in Sources */,
				F047891228AE736C00D18748 /* SettingButton.swift in Sources */,
				F06F615428AD1288009F77D4 /* AdaptiveColor.swift in Sources */,
				F047891028AE4F8400D18748 /* ResizeablePicker.swift in Sources */,
				F0E44AAD28AEA177005F8E93 /* WeightDataModel.xcdatamodeld in Sources */,
				F04EBDD0288E9E030097E42F /* HistoryView.swift in Sources */,
				F042C3C728B4F5B50056D722 /* OnboardingView.swift in Sources */,
				F04EBDC1288E99C60097E42F /* ContentView.swift in Sources */,
				F04EBDBF288E99C60097E42F /* weightApp.swift in Sources */,
				F06C807028BD1F3D00F8DF51 /* HistoryModel.swift in Sources */,
				F0CE8E4228B6140900FB0634 /* WeightDataController.swift in Sources */,
			);
			runOnlyForDeploymentPostprocessing = 0;
		};
/* End PBXSourcesBuildPhase section */

/* Begin XCBuildConfiguration section */
		F04EBDC7288E99C70097E42F /* Debug */ = {
			isa = XCBuildConfiguration;
			buildSettings = {
				ALWAYS_SEARCH_USER_PATHS = NO;
				CLANG_ANALYZER_NONNULL = YES;
				CLANG_ANALYZER_NUMBER_OBJECT_CONVERSION = YES_AGGRESSIVE;
				CLANG_CXX_LANGUAGE_STANDARD = "gnu++17";
				CLANG_CXX_LIBRARY = "libc++";
				CLANG_ENABLE_MODULES = YES;
				CLANG_ENABLE_OBJC_ARC = YES;
				CLANG_ENABLE_OBJC_WEAK = YES;
				CLANG_WARN_BLOCK_CAPTURE_AUTORELEASING = YES;
				CLANG_WARN_BOOL_CONVERSION = YES;
				CLANG_WARN_COMMA = YES;
				CLANG_WARN_CONSTANT_CONVERSION = YES;
				CLANG_WARN_DEPRECATED_OBJC_IMPLEMENTATIONS = YES;
				CLANG_WARN_DIRECT_OBJC_ISA_USAGE = YES_ERROR;
				CLANG_WARN_DOCUMENTATION_COMMENTS = YES;
				CLANG_WARN_EMPTY_BODY = YES;
				CLANG_WARN_ENUM_CONVERSION = YES;
				CLANG_WARN_INFINITE_RECURSION = YES;
				CLANG_WARN_INT_CONVERSION = YES;
				CLANG_WARN_NON_LITERAL_NULL_CONVERSION = YES;
				CLANG_WARN_OBJC_IMPLICIT_RETAIN_SELF = YES;
				CLANG_WARN_OBJC_LITERAL_CONVERSION = YES;
				CLANG_WARN_OBJC_ROOT_CLASS = YES_ERROR;
				CLANG_WARN_QUOTED_INCLUDE_IN_FRAMEWORK_HEADER = YES;
				CLANG_WARN_RANGE_LOOP_ANALYSIS = YES;
				CLANG_WARN_STRICT_PROTOTYPES = YES;
				CLANG_WARN_SUSPICIOUS_MOVE = YES;
				CLANG_WARN_UNGUARDED_AVAILABILITY = YES_AGGRESSIVE;
				CLANG_WARN_UNREACHABLE_CODE = YES;
				CLANG_WARN__DUPLICATE_METHOD_MATCH = YES;
				COPY_PHASE_STRIP = NO;
				DEBUG_INFORMATION_FORMAT = dwarf;
				ENABLE_STRICT_OBJC_MSGSEND = YES;
				ENABLE_TESTABILITY = YES;
				GCC_C_LANGUAGE_STANDARD = gnu11;
				GCC_DYNAMIC_NO_PIC = NO;
				GCC_NO_COMMON_BLOCKS = YES;
				GCC_OPTIMIZATION_LEVEL = 0;
				GCC_PREPROCESSOR_DEFINITIONS = (
					"DEBUG=1",
					"$(inherited)",
				);
				GCC_WARN_64_TO_32_BIT_CONVERSION = YES;
				GCC_WARN_ABOUT_RETURN_TYPE = YES_ERROR;
				GCC_WARN_UNDECLARED_SELECTOR = YES;
				GCC_WARN_UNINITIALIZED_AUTOS = YES_AGGRESSIVE;
				GCC_WARN_UNUSED_FUNCTION = YES;
				GCC_WARN_UNUSED_VARIABLE = YES;
				IPHONEOS_DEPLOYMENT_TARGET = 15.2;
				MTL_ENABLE_DEBUG_INFO = INCLUDE_SOURCE;
				MTL_FAST_MATH = YES;
				ONLY_ACTIVE_ARCH = YES;
				SDKROOT = iphoneos;
				SWIFT_ACTIVE_COMPILATION_CONDITIONS = DEBUG;
				SWIFT_OPTIMIZATION_LEVEL = "-Onone";
			};
			name = Debug;
		};
		F04EBDC8288E99C70097E42F /* Release */ = {
			isa = XCBuildConfiguration;
			buildSettings = {
				ALWAYS_SEARCH_USER_PATHS = NO;
				CLANG_ANALYZER_NONNULL = YES;
				CLANG_ANALYZER_NUMBER_OBJECT_CONVERSION = YES_AGGRESSIVE;
				CLANG_CXX_LANGUAGE_STANDARD = "gnu++17";
				CLANG_CXX_LIBRARY = "libc++";
				CLANG_ENABLE_MODULES = YES;
				CLANG_ENABLE_OBJC_ARC = YES;
				CLANG_ENABLE_OBJC_WEAK = YES;
				CLANG_WARN_BLOCK_CAPTURE_AUTORELEASING = YES;
				CLANG_WARN_BOOL_CONVERSION = YES;
				CLANG_WARN_COMMA = YES;
				CLANG_WARN_CONSTANT_CONVERSION = YES;
				CLANG_WARN_DEPRECATED_OBJC_IMPLEMENTATIONS = YES;
				CLANG_WARN_DIRECT_OBJC_ISA_USAGE = YES_ERROR;
				CLANG_WARN_DOCUMENTATION_COMMENTS = YES;
				CLANG_WARN_EMPTY_BODY = YES;
				CLANG_WARN_ENUM_CONVERSION = YES;
				CLANG_WARN_INFINITE_RECURSION = YES;
				CLANG_WARN_INT_CONVERSION = YES;
				CLANG_WARN_NON_LITERAL_NULL_CONVERSION = YES;
				CLANG_WARN_OBJC_IMPLICIT_RETAIN_SELF = YES;
				CLANG_WARN_OBJC_LITERAL_CONVERSION = YES;
				CLANG_WARN_OBJC_ROOT_CLASS = YES_ERROR;
				CLANG_WARN_QUOTED_INCLUDE_IN_FRAMEWORK_HEADER = YES;
				CLANG_WARN_RANGE_LOOP_ANALYSIS = YES;
				CLANG_WARN_STRICT_PROTOTYPES = YES;
				CLANG_WARN_SUSPICIOUS_MOVE = YES;
				CLANG_WARN_UNGUARDED_AVAILABILITY = YES_AGGRESSIVE;
				CLANG_WARN_UNREACHABLE_CODE = YES;
				CLANG_WARN__DUPLICATE_METHOD_MATCH = YES;
				COPY_PHASE_STRIP = NO;
				DEBUG_INFORMATION_FORMAT = "dwarf-with-dsym";
				ENABLE_NS_ASSERTIONS = NO;
				ENABLE_STRICT_OBJC_MSGSEND = YES;
				GCC_C_LANGUAGE_STANDARD = gnu11;
				GCC_NO_COMMON_BLOCKS = YES;
				GCC_WARN_64_TO_32_BIT_CONVERSION = YES;
				GCC_WARN_ABOUT_RETURN_TYPE = YES_ERROR;
				GCC_WARN_UNDECLARED_SELECTOR = YES;
				GCC_WARN_UNINITIALIZED_AUTOS = YES_AGGRESSIVE;
				GCC_WARN_UNUSED_FUNCTION = YES;
				GCC_WARN_UNUSED_VARIABLE = YES;
				IPHONEOS_DEPLOYMENT_TARGET = 15.2;
				MTL_ENABLE_DEBUG_INFO = NO;
				MTL_FAST_MATH = YES;
				SDKROOT = iphoneos;
				SWIFT_COMPILATION_MODE = wholemodule;
				SWIFT_OPTIMIZATION_LEVEL = "-O";
				VALIDATE_PRODUCT = YES;
			};
			name = Release;
		};
		F04EBDCA288E99C70097E42F /* Debug */ = {
			isa = XCBuildConfiguration;
			buildSettings = {
				ASSETCATALOG_COMPILER_APPICON_NAME = AppIcon;
				ASSETCATALOG_COMPILER_GLOBAL_ACCENT_COLOR_NAME = AccentColor;
				CODE_SIGN_STYLE = Automatic;
				CURRENT_PROJECT_VERSION = 3;
				DEVELOPMENT_ASSET_PATHS = "\"weight/Preview Content\"";
				DEVELOPMENT_TEAM = 5Q2DS6F54X;
				ENABLE_PREVIEWS = YES;
				GENERATE_INFOPLIST_FILE = YES;
				INFOPLIST_KEY_UIApplicationSceneManifest_Generation = YES;
				INFOPLIST_KEY_UIApplicationSupportsIndirectInputEvents = YES;
				INFOPLIST_KEY_UILaunchScreen_Generation = YES;
				INFOPLIST_KEY_UISupportedInterfaceOrientations = UIInterfaceOrientationPortrait;
				INFOPLIST_KEY_UISupportedInterfaceOrientations_iPad = "UIInterfaceOrientationPortrait UIInterfaceOrientationPortraitUpsideDown UIInterfaceOrientationLandscapeLeft UIInterfaceOrientationLandscapeRight";
				INFOPLIST_KEY_UISupportedInterfaceOrientations_iPhone = "UIInterfaceOrientationPortrait UIInterfaceOrientationLandscapeLeft UIInterfaceOrientationLandscapeRight";
				LD_RUNPATH_SEARCH_PATHS = (
					"$(inherited)",
					"@executable_path/Frameworks",
				);
				MARKETING_VERSION = 0.0.3;
				PRODUCT_BUNDLE_IDENTIFIER = com.hexaapps.weight;
				PRODUCT_NAME = "Weight Tracker";
				SWIFT_EMIT_LOC_STRINGS = YES;
				SWIFT_VERSION = 5.0;
				TARGETED_DEVICE_FAMILY = 1;
			};
			name = Debug;
		};
		F04EBDCB288E99C70097E42F /* Release */ = {
			isa = XCBuildConfiguration;
			buildSettings = {
				ASSETCATALOG_COMPILER_APPICON_NAME = AppIcon;
				ASSETCATALOG_COMPILER_GLOBAL_ACCENT_COLOR_NAME = AccentColor;
				CODE_SIGN_STYLE = Automatic;
				CURRENT_PROJECT_VERSION = 3;
				DEVELOPMENT_ASSET_PATHS = "\"weight/Preview Content\"";
				DEVELOPMENT_TEAM = 5Q2DS6F54X;
				ENABLE_PREVIEWS = YES;
				GENERATE_INFOPLIST_FILE = YES;
				INFOPLIST_KEY_UIApplicationSceneManifest_Generation = YES;
				INFOPLIST_KEY_UIApplicationSupportsIndirectInputEvents = YES;
				INFOPLIST_KEY_UILaunchScreen_Generation = YES;
				INFOPLIST_KEY_UISupportedInterfaceOrientations = UIInterfaceOrientationPortrait;
				INFOPLIST_KEY_UISupportedInterfaceOrientations_iPad = "UIInterfaceOrientationPortrait UIInterfaceOrientationPortraitUpsideDown UIInterfaceOrientationLandscapeLeft UIInterfaceOrientationLandscapeRight";
				INFOPLIST_KEY_UISupportedInterfaceOrientations_iPhone = "UIInterfaceOrientationPortrait UIInterfaceOrientationLandscapeLeft UIInterfaceOrientationLandscapeRight";
				LD_RUNPATH_SEARCH_PATHS = (
					"$(inherited)",
					"@executable_path/Frameworks",
				);
				MARKETING_VERSION = 0.0.3;
				PRODUCT_BUNDLE_IDENTIFIER = com.hexaapps.weight;
				PRODUCT_NAME = "Weight Tracker";
				SWIFT_EMIT_LOC_STRINGS = YES;
				SWIFT_VERSION = 5.0;
				TARGETED_DEVICE_FAMILY = 1;
			};
			name = Release;
		};
/* End XCBuildConfiguration section */

/* Begin XCConfigurationList section */
		F04EBDB6288E99C60097E42F /* Build configuration list for PBXProject "weight" */ = {
			isa = XCConfigurationList;
			buildConfigurations = (
				F04EBDC7288E99C70097E42F /* Debug */,
				F04EBDC8288E99C70097E42F /* Release */,
			);
			defaultConfigurationIsVisible = 0;
			defaultConfigurationName = Release;
		};
		F04EBDC9288E99C70097E42F /* Build configuration list for PBXNativeTarget "weight" */ = {
			isa = XCConfigurationList;
			buildConfigurations = (
				F04EBDCA288E99C70097E42F /* Debug */,
				F04EBDCB288E99C70097E42F /* Release */,
			);
			defaultConfigurationIsVisible = 0;
			defaultConfigurationName = Release;
		};
/* End XCConfigurationList section */

/* Begin XCRemoteSwiftPackageReference section */
		F07FB2E628AE199E007F809C /* XCRemoteSwiftPackageReference "HalfASheet" */ = {
			isa = XCRemoteSwiftPackageReference;
			repositoryURL = "https://github.com/franklynw/HalfASheet";
			requirement = {
				kind = upToNextMajorVersion;
				minimumVersion = 1.0.0;
			};
		};
		F0D046E428B21760008D0C41 /* XCRemoteSwiftPackageReference "SwiftUICharts" */ = {
			isa = XCRemoteSwiftPackageReference;
			repositoryURL = "https://github.com/willdale/SwiftUICharts";
			requirement = {
				kind = upToNextMajorVersion;
				minimumVersion = 2.0.0;
			};
		};
/* End XCRemoteSwiftPackageReference section */

/* Begin XCSwiftPackageProductDependency section */
		F07FB2E728AE199E007F809C /* HalfASheet */ = {
			isa = XCSwiftPackageProductDependency;
			package = F07FB2E628AE199E007F809C /* XCRemoteSwiftPackageReference "HalfASheet" */;
			productName = HalfASheet;
		};
		F0D046E528B21760008D0C41 /* SwiftUICharts */ = {
			isa = XCSwiftPackageProductDependency;
			package = F0D046E428B21760008D0C41 /* XCRemoteSwiftPackageReference "SwiftUICharts" */;
			productName = SwiftUICharts;
		};
/* End XCSwiftPackageProductDependency section */

/* Begin XCVersionGroup section */
		F0E44AAB28AEA177005F8E93 /* WeightDataModel.xcdatamodeld */ = {
			isa = XCVersionGroup;
			children = (
				F0E44AAC28AEA177005F8E93 /* WeightDataModel.xcdatamodel */,
			);
			currentVersion = F0E44AAC28AEA177005F8E93 /* WeightDataModel.xcdatamodel */;
			path = WeightDataModel.xcdatamodeld;
			sourceTree = "<group>";
			versionGroupType = wrapper.xcdatamodel;
		};
/* End XCVersionGroup section */
	};
	rootObject = F04EBDB3288E99C60097E42F /* Project object */;
}
